
Microsoft Visual Studio Solution File, Format Version 12.00
# Visual Studio Version 17
VisualStudioVersion = 17.10.35122.118
MinimumVisualStudioVersion = 10.0.40219.1
Project("{9A19103F-16F7-4668-BE54-9A1E7A4F7556}") = "AvaloniaApplication", "AvaloniaApplication\AvaloniaApplication\AvaloniaApplication.csproj", "{F26FB50B-3AEB-4BD5-8637-C7FEE3A209F1}"
EndProject
Project("{9A19103F-16F7-4668-BE54-9A1E7A4F7556}") = "AvaloniaApplication.Desktop", "AvaloniaApplication\AvaloniaApplication.Desktop\AvaloniaApplication.Desktop.csproj", "{CDDA8177-BD28-4F43-83FC-A6791217802F}"
EndProject
Project("{8BC9CEB8-8B4A-11D0-8D11-00A0C91BC942}") = "CLI06.NET.WLIB", "CLI06.NET.WLIB\CLI06.NET.WLIB.vcxproj", "{9863D5D3-4171-42B9-BBD6-25B4C1A0741F}"
EndProject
Project("{8BC9CEB8-8B4A-11D0-8D11-00A0C91BC942}") = "CLI06.NETFW.WLIB", "CLI06.NETFW.WLIB\CLI06.NETFW.WLIB.vcxproj", "{CE3CCCFE-1727-40D3-AF5A-04D9EE35FE4E}"
EndProject
Project("{9A19103F-16F7-4668-BE54-9A1E7A4F7556}") = "DockModule06.WLIB", "DockModule06.WLIB\DockModule06.WLIB.csproj", "{4CF15857-83CC-4AB2-B203-A751422E6A54}"
EndProject
Project("{FAE04EC0-301F-11D3-BF4B-00C04F79EFBC}") = "AVModule06.WLIB", "AVModule06.WLIB\AVModule06.WLIB.csproj", "{C3F0A3EB-49FE-4ACF-B289-29336EA5F184}"
EndProject
Global
	GlobalSection(SolutionConfigurationPlatforms) = preSolution
		Debug|Any CPU = Debug|Any CPU
		Debug|x64 = Debug|x64
		Debug|x86 = Debug|x86
		MinSizeRel|Any CPU = MinSizeRel|Any CPU
		MinSizeRel|x64 = MinSizeRel|x64
		MinSizeRel|x86 = MinSizeRel|x86
		Release|Any CPU = Release|Any CPU
		Release|x64 = Release|x64
		Release|x86 = Release|x86
		RelWithDebInfo|Any CPU = RelWithDebInfo|Any CPU
		RelWithDebInfo|x64 = RelWithDebInfo|x64
		RelWithDebInfo|x86 = RelWithDebInfo|x86
	EndGlobalSection
	GlobalSection(ProjectConfigurationPlatforms) = postSolution
		{F26FB50B-3AEB-4BD5-8637-C7FEE3A209F1}.Debug|Any CPU.ActiveCfg = Debug|Any CPU
		{F26FB50B-3AEB-4BD5-8637-C7FEE3A209F1}.Debug|Any CPU.Build.0 = Debug|Any CPU
		{F26FB50B-3AEB-4BD5-8637-C7FEE3A209F1}.Debug|x64.ActiveCfg = Debug|Any CPU
		{F26FB50B-3AEB-4BD5-8637-C7FEE3A209F1}.Debug|x64.Build.0 = Debug|Any CPU
		{F26FB50B-3AEB-4BD5-8637-C7FEE3A209F1}.Debug|x86.ActiveCfg = Debug|Any CPU
		{F26FB50B-3AEB-4BD5-8637-C7FEE3A209F1}.Debug|x86.Build.0 = Debug|Any CPU
		{F26FB50B-3AEB-4BD5-8637-C7FEE3A209F1}.MinSizeRel|Any CPU.ActiveCfg = Debug|Any CPU
		{F26FB50B-3AEB-4BD5-8637-C7FEE3A209F1}.MinSizeRel|Any CPU.Build.0 = Debug|Any CPU
		{F26FB50B-3AEB-4BD5-8637-C7FEE3A209F1}.MinSizeRel|x64.ActiveCfg = Debug|Any CPU
		{F26FB50B-3AEB-4BD5-8637-C7FEE3A209F1}.MinSizeRel|x64.Build.0 = Debug|Any CPU
		{F26FB50B-3AEB-4BD5-8637-C7FEE3A209F1}.MinSizeRel|x86.ActiveCfg = Debug|Any CPU
		{F26FB50B-3AEB-4BD5-8637-C7FEE3A209F1}.MinSizeRel|x86.Build.0 = Debug|Any CPU
		{F26FB50B-3AEB-4BD5-8637-C7FEE3A209F1}.Release|Any CPU.ActiveCfg = Release|Any CPU
		{F26FB50B-3AEB-4BD5-8637-C7FEE3A209F1}.Release|Any CPU.Build.0 = Release|Any CPU
		{F26FB50B-3AEB-4BD5-8637-C7FEE3A209F1}.Release|x64.ActiveCfg = Release|Any CPU
		{F26FB50B-3AEB-4BD5-8637-C7FEE3A209F1}.Release|x64.Build.0 = Release|Any CPU
		{F26FB50B-3AEB-4BD5-8637-C7FEE3A209F1}.Release|x86.ActiveCfg = Release|Any CPU
		{F26FB50B-3AEB-4BD5-8637-C7FEE3A209F1}.Release|x86.Build.0 = Release|Any CPU
		{F26FB50B-3AEB-4BD5-8637-C7FEE3A209F1}.RelWithDebInfo|Any CPU.ActiveCfg = Release|Any CPU
		{F26FB50B-3AEB-4BD5-8637-C7FEE3A209F1}.RelWithDebInfo|Any CPU.Build.0 = Release|Any CPU
		{F26FB50B-3AEB-4BD5-8637-C7FEE3A209F1}.RelWithDebInfo|x64.ActiveCfg = Release|Any CPU
		{F26FB50B-3AEB-4BD5-8637-C7FEE3A209F1}.RelWithDebInfo|x64.Build.0 = Release|Any CPU
		{F26FB50B-3AEB-4BD5-8637-C7FEE3A209F1}.RelWithDebInfo|x86.ActiveCfg = Release|Any CPU
		{F26FB50B-3AEB-4BD5-8637-C7FEE3A209F1}.RelWithDebInfo|x86.Build.0 = Release|Any CPU
		{CDDA8177-BD28-4F43-83FC-A6791217802F}.Debug|Any CPU.ActiveCfg = Debug|Any CPU
		{CDDA8177-BD28-4F43-83FC-A6791217802F}.Debug|Any CPU.Build.0 = Debug|Any CPU
		{CDDA8177-BD28-4F43-83FC-A6791217802F}.Debug|x64.ActiveCfg = Debug|Any CPU
		{CDDA8177-BD28-4F43-83FC-A6791217802F}.Debug|x64.Build.0 = Debug|Any CPU
		{CDDA8177-BD28-4F43-83FC-A6791217802F}.Debug|x86.ActiveCfg = Debug|Any CPU
		{CDDA8177-BD28-4F43-83FC-A6791217802F}.Debug|x86.Build.0 = Debug|Any CPU
		{CDDA8177-BD28-4F43-83FC-A6791217802F}.MinSizeRel|Any CPU.ActiveCfg = Debug|Any CPU
		{CDDA8177-BD28-4F43-83FC-A6791217802F}.MinSizeRel|Any CPU.Build.0 = Debug|Any CPU
		{CDDA8177-BD28-4F43-83FC-A6791217802F}.MinSizeRel|x64.ActiveCfg = Debug|Any CPU
		{CDDA8177-BD28-4F43-83FC-A6791217802F}.MinSizeRel|x64.Build.0 = Debug|Any CPU
		{CDDA8177-BD28-4F43-83FC-A6791217802F}.MinSizeRel|x86.ActiveCfg = Debug|Any CPU
		{CDDA8177-BD28-4F43-83FC-A6791217802F}.MinSizeRel|x86.Build.0 = Debug|Any CPU
		{CDDA8177-BD28-4F43-83FC-A6791217802F}.Release|Any CPU.ActiveCfg = Release|Any CPU
		{CDDA8177-BD28-4F43-83FC-A6791217802F}.Release|Any CPU.Build.0 = Release|Any CPU
		{CDDA8177-BD28-4F43-83FC-A6791217802F}.Release|x64.ActiveCfg = Release|Any CPU
		{CDDA8177-BD28-4F43-83FC-A6791217802F}.Release|x64.Build.0 = Release|Any CPU
		{CDDA8177-BD28-4F43-83FC-A6791217802F}.Release|x86.ActiveCfg = Release|Any CPU
		{CDDA8177-BD28-4F43-83FC-A6791217802F}.Release|x86.Build.0 = Release|Any CPU
		{CDDA8177-BD28-4F43-83FC-A6791217802F}.RelWithDebInfo|Any CPU.ActiveCfg = Release|Any CPU
		{CDDA8177-BD28-4F43-83FC-A6791217802F}.RelWithDebInfo|Any CPU.Build.0 = Release|Any CPU
		{CDDA8177-BD28-4F43-83FC-A6791217802F}.RelWithDebInfo|x64.ActiveCfg = Release|Any CPU
		{CDDA8177-BD28-4F43-83FC-A6791217802F}.RelWithDebInfo|x64.Build.0 = Release|Any CPU
		{CDDA8177-BD28-4F43-83FC-A6791217802F}.RelWithDebInfo|x86.ActiveCfg = Release|Any CPU
		{CDDA8177-BD28-4F43-83FC-A6791217802F}.RelWithDebInfo|x86.Build.0 = Release|Any CPU
		{9863D5D3-4171-42B9-BBD6-25B4C1A0741F}.Debug|Any CPU.ActiveCfg = Debug|x64
		{9863D5D3-4171-42B9-BBD6-25B4C1A0741F}.Debug|Any CPU.Build.0 = Debug|x64
		{9863D5D3-4171-42B9-BBD6-25B4C1A0741F}.Debug|x64.ActiveCfg = Debug|x64
		{9863D5D3-4171-42B9-BBD6-25B4C1A0741F}.Debug|x64.Build.0 = Debug|x64
		{9863D5D3-4171-42B9-BBD6-25B4C1A0741F}.Debug|x86.ActiveCfg = Debug|Win32
		{9863D5D3-4171-42B9-BBD6-25B4C1A0741F}.Debug|x86.Build.0 = Debug|Win32
		{9863D5D3-4171-42B9-BBD6-25B4C1A0741F}.MinSizeRel|Any CPU.ActiveCfg = Debug|x64
		{9863D5D3-4171-42B9-BBD6-25B4C1A0741F}.MinSizeRel|Any CPU.Build.0 = Debug|x64
		{9863D5D3-4171-42B9-BBD6-25B4C1A0741F}.MinSizeRel|x64.ActiveCfg = Debug|x64
		{9863D5D3-4171-42B9-BBD6-25B4C1A0741F}.MinSizeRel|x64.Build.0 = Debug|x64
		{9863D5D3-4171-42B9-BBD6-25B4C1A0741F}.MinSizeRel|x86.ActiveCfg = Debug|Win32
		{9863D5D3-4171-42B9-BBD6-25B4C1A0741F}.MinSizeRel|x86.Build.0 = Debug|Win32
		{9863D5D3-4171-42B9-BBD6-25B4C1A0741F}.Release|Any CPU.ActiveCfg = Release|x64
		{9863D5D3-4171-42B9-BBD6-25B4C1A0741F}.Release|Any CPU.Build.0 = Release|x64
		{9863D5D3-4171-42B9-BBD6-25B4C1A0741F}.Release|x64.ActiveCfg = Release|x64
		{9863D5D3-4171-42B9-BBD6-25B4C1A0741F}.Release|x64.Build.0 = Release|x64
		{9863D5D3-4171-42B9-BBD6-25B4C1A0741F}.Release|x86.ActiveCfg = Release|Win32
		{9863D5D3-4171-42B9-BBD6-25B4C1A0741F}.Release|x86.Build.0 = Release|Win32
		{9863D5D3-4171-42B9-BBD6-25B4C1A0741F}.RelWithDebInfo|Any CPU.ActiveCfg = Release|x64
		{9863D5D3-4171-42B9-BBD6-25B4C1A0741F}.RelWithDebInfo|Any CPU.Build.0 = Release|x64
		{9863D5D3-4171-42B9-BBD6-25B4C1A0741F}.RelWithDebInfo|x64.ActiveCfg = Release|x64
		{9863D5D3-4171-42B9-BBD6-25B4C1A0741F}.RelWithDebInfo|x64.Build.0 = Release|x64
		{9863D5D3-4171-42B9-BBD6-25B4C1A0741F}.RelWithDebInfo|x86.ActiveCfg = Release|Win32
		{9863D5D3-4171-42B9-BBD6-25B4C1A0741F}.RelWithDebInfo|x86.Build.0 = Release|Win32
		{CE3CCCFE-1727-40D3-AF5A-04D9EE35FE4E}.Debug|Any CPU.ActiveCfg = Debug|x64
		{CE3CCCFE-1727-40D3-AF5A-04D9EE35FE4E}.Debug|Any CPU.Build.0 = Debug|x64
		{CE3CCCFE-1727-40D3-AF5A-04D9EE35FE4E}.Debug|x64.ActiveCfg = Debug|x64
		{CE3CCCFE-1727-40D3-AF5A-04D9EE35FE4E}.Debug|x64.Build.0 = Debug|x64
		{CE3CCCFE-1727-40D3-AF5A-04D9EE35FE4E}.Debug|x86.ActiveCfg = Debug|Win32
		{CE3CCCFE-1727-40D3-AF5A-04D9EE35FE4E}.Debug|x86.Build.0 = Debug|Win32
		{CE3CCCFE-1727-40D3-AF5A-04D9EE35FE4E}.MinSizeRel|Any CPU.ActiveCfg = Debug|x64
		{CE3CCCFE-1727-40D3-AF5A-04D9EE35FE4E}.MinSizeRel|Any CPU.Build.0 = Debug|x64
		{CE3CCCFE-1727-40D3-AF5A-04D9EE35FE4E}.MinSizeRel|x64.ActiveCfg = Debug|x64
		{CE3CCCFE-1727-40D3-AF5A-04D9EE35FE4E}.MinSizeRel|x64.Build.0 = Debug|x64
		{CE3CCCFE-1727-40D3-AF5A-04D9EE35FE4E}.MinSizeRel|x86.ActiveCfg = Debug|Win32
		{CE3CCCFE-1727-40D3-AF5A-04D9EE35FE4E}.MinSizeRel|x86.Build.0 = Debug|Win32
		{CE3CCCFE-1727-40D3-AF5A-04D9EE35FE4E}.Release|Any CPU.ActiveCfg = Release|x64
		{CE3CCCFE-1727-40D3-AF5A-04D9EE35FE4E}.Release|Any CPU.Build.0 = Release|x64
		{CE3CCCFE-1727-40D3-AF5A-04D9EE35FE4E}.Release|x64.ActiveCfg = Release|x64
		{CE3CCCFE-1727-40D3-AF5A-04D9EE35FE4E}.Release|x64.Build.0 = Release|x64
		{CE3CCCFE-1727-40D3-AF5A-04D9EE35FE4E}.Release|x86.ActiveCfg = Release|Win32
		{CE3CCCFE-1727-40D3-AF5A-04D9EE35FE4E}.Release|x86.Build.0 = Release|Win32
		{CE3CCCFE-1727-40D3-AF5A-04D9EE35FE4E}.RelWithDebInfo|Any CPU.ActiveCfg = Release|x64
		{CE3CCCFE-1727-40D3-AF5A-04D9EE35FE4E}.RelWithDebInfo|Any CPU.Build.0 = Release|x64
		{CE3CCCFE-1727-40D3-AF5A-04D9EE35FE4E}.RelWithDebInfo|x64.ActiveCfg = Release|x64
		{CE3CCCFE-1727-40D3-AF5A-04D9EE35FE4E}.RelWithDebInfo|x64.Build.0 = Release|x64
		{CE3CCCFE-1727-40D3-AF5A-04D9EE35FE4E}.RelWithDebInfo|x86.ActiveCfg = Release|Win32
		{CE3CCCFE-1727-40D3-AF5A-04D9EE35FE4E}.RelWithDebInfo|x86.Build.0 = Release|Win32
		{4CF15857-83CC-4AB2-B203-A751422E6A54}.Debug|Any CPU.ActiveCfg = Debug|Any CPU
		{4CF15857-83CC-4AB2-B203-A751422E6A54}.Debug|Any CPU.Build.0 = Debug|Any CPU
		{4CF15857-83CC-4AB2-B203-A751422E6A54}.Debug|x64.ActiveCfg = Debug|Any CPU
		{4CF15857-83CC-4AB2-B203-A751422E6A54}.Debug|x64.Build.0 = Debug|Any CPU
		{4CF15857-83CC-4AB2-B203-A751422E6A54}.Debug|x86.ActiveCfg = Debug|Any CPU
		{4CF15857-83CC-4AB2-B203-A751422E6A54}.Debug|x86.Build.0 = Debug|Any CPU
		{4CF15857-83CC-4AB2-B203-A751422E6A54}.MinSizeRel|Any CPU.ActiveCfg = Debug|Any CPU
		{4CF15857-83CC-4AB2-B203-A751422E6A54}.MinSizeRel|Any CPU.Build.0 = Debug|Any CPU
		{4CF15857-83CC-4AB2-B203-A751422E6A54}.MinSizeRel|x64.ActiveCfg = Debug|Any CPU
		{4CF15857-83CC-4AB2-B203-A751422E6A54}.MinSizeRel|x64.Build.0 = Debug|Any CPU
		{4CF15857-83CC-4AB2-B203-A751422E6A54}.MinSizeRel|x86.ActiveCfg = Debug|Any CPU
		{4CF15857-83CC-4AB2-B203-A751422E6A54}.MinSizeRel|x86.Build.0 = Debug|Any CPU
		{4CF15857-83CC-4AB2-B203-A751422E6A54}.Release|Any CPU.ActiveCfg = Release|Any CPU
		{4CF15857-83CC-4AB2-B203-A751422E6A54}.Release|Any CPU.Build.0 = Release|Any CPU
		{4CF15857-83CC-4AB2-B203-A751422E6A54}.Release|x64.ActiveCfg = Release|Any CPU
		{4CF15857-83CC-4AB2-B203-A751422E6A54}.Release|x64.Build.0 = Release|Any CPU
		{4CF15857-83CC-4AB2-B203-A751422E6A54}.Release|x86.ActiveCfg = Release|Any CPU
		{4CF15857-83CC-4AB2-B203-A751422E6A54}.Release|x86.Build.0 = Release|Any CPU
		{4CF15857-83CC-4AB2-B203-A751422E6A54}.RelWithDebInfo|Any CPU.ActiveCfg = Release|Any CPU
		{4CF15857-83CC-4AB2-B203-A751422E6A54}.RelWithDebInfo|Any CPU.Build.0 = Release|Any CPU
		{4CF15857-83CC-4AB2-B203-A751422E6A54}.RelWithDebInfo|x64.ActiveCfg = Release|Any CPU
		{4CF15857-83CC-4AB2-B203-A751422E6A54}.RelWithDebInfo|x64.Build.0 = Release|Any CPU
		{4CF15857-83CC-4AB2-B203-A751422E6A54}.RelWithDebInfo|x86.ActiveCfg = Release|Any CPU
		{4CF15857-83CC-4AB2-B203-A751422E6A54}.RelWithDebInfo|x86.Build.0 = Release|Any CPU
		{C3F0A3EB-49FE-4ACF-B289-29336EA5F184}.Debug|Any CPU.ActiveCfg = Debug|Any CPU
		{C3F0A3EB-49FE-4ACF-B289-29336EA5F184}.Debug|Any CPU.Build.0 = Debug|Any CPU
		{C3F0A3EB-49FE-4ACF-B289-29336EA5F184}.Debug|x64.ActiveCfg = Debug|Any CPU
		{C3F0A3EB-49FE-4ACF-B289-29336EA5F184}.Debug|x64.Build.0 = Debug|Any CPU
		{C3F0A3EB-49FE-4ACF-B289-29336EA5F184}.Debug|x86.ActiveCfg = Debug|Any CPU
		{C3F0A3EB-49FE-4ACF-B289-29336EA5F184}.Debug|x86.Build.0 = Debug|Any CPU
		{C3F0A3EB-49FE-4ACF-B289-29336EA5F184}.MinSizeRel|Any CPU.ActiveCfg = Debug|Any CPU
		{C3F0A3EB-49FE-4ACF-B289-29336EA5F184}.MinSizeRel|Any CPU.Build.0 = Debug|Any CPU
		{C3F0A3EB-49FE-4ACF-B289-29336EA5F184}.MinSizeRel|x64.ActiveCfg = Debug|Any CPU
		{C3F0A3EB-49FE-4ACF-B289-29336EA5F184}.MinSizeRel|x64.Build.0 = Debug|Any CPU
		{C3F0A3EB-49FE-4ACF-B289-29336EA5F184}.MinSizeRel|x86.ActiveCfg = Debug|Any CPU
		{C3F0A3EB-49FE-4ACF-B289-29336EA5F184}.MinSizeRel|x86.Build.0 = Debug|Any CPU
		{C3F0A3EB-49FE-4ACF-B289-29336EA5F184}.Release|Any CPU.ActiveCfg = Release|Any CPU
		{C3F0A3EB-49FE-4ACF-B289-29336EA5F184}.Release|Any CPU.Build.0 = Release|Any CPU
		{C3F0A3EB-49FE-4ACF-B289-29336EA5F184}.Release|x64.ActiveCfg = Release|Any CPU
		{C3F0A3EB-49FE-4ACF-B289-29336EA5F184}.Release|x64.Build.0 = Release|Any CPU
		{C3F0A3EB-49FE-4ACF-B289-29336EA5F184}.Release|x86.ActiveCfg = Release|Any CPU
		{C3F0A3EB-49FE-4ACF-B289-29336EA5F184}.Release|x86.Build.0 = Release|Any CPU
		{C3F0A3EB-49FE-4ACF-B289-29336EA5F184}.RelWithDebInfo|Any CPU.ActiveCfg = Release|Any CPU
		{C3F0A3EB-49FE-4ACF-B289-29336EA5F184}.RelWithDebInfo|Any CPU.Build.0 = Release|Any CPU
		{C3F0A3EB-49FE-4ACF-B289-29336EA5F184}.RelWithDebInfo|x64.ActiveCfg = Release|Any CPU
		{C3F0A3EB-49FE-4ACF-B289-29336EA5F184}.RelWithDebInfo|x64.Build.0 = Release|Any CPU
		{C3F0A3EB-49FE-4ACF-B289-29336EA5F184}.RelWithDebInfo|x86.ActiveCfg = Release|Any CPU
		{C3F0A3EB-49FE-4ACF-B289-29336EA5F184}.RelWithDebInfo|x86.Build.0 = Release|Any CPU
	EndGlobalSection
	GlobalSection(SolutionProperties) = preSolution
		HideSolutionNode = FALSE
	EndGlobalSection
	GlobalSection(ExtensibilityGlobals) = postSolution
		SolutionGuid = {B5C43A8D-3C4E-43DD-8C43-065D5BF77483}
	EndGlobalSection
EndGlobal
